
Microsoft Visual Studio Solution File, Format Version 12.00
# Visual Studio Version 17
VisualStudioVersion = 17.4.33122.133
MinimumVisualStudioVersion = 10.0.40219.1
Project("{FAE04EC0-301F-11D3-BF4B-00C04F79EFBC}") = "KinoClass", "KinoClass\KinoClass.csproj", "{6A6342C7-37AB-48AE-A0FE-C5011EB38518}"
EndProject
Project("{FAE04EC0-301F-11D3-BF4B-00C04F79EFBC}") = "APIkino", "APIkino\APIkino.csproj", "{576C4774-EAA7-49AC-89B2-7D3566295223}"
EndProject
Global
	GlobalSection(SolutionConfigurationPlatforms) = preSolution
		Debug|Any CPU = Debug|Any CPU
		Release|Any CPU = Release|Any CPU
	EndGlobalSection
	GlobalSection(ProjectConfigurationPlatforms) = postSolution
		{6A6342C7-37AB-48AE-A0FE-C5011EB38518}.Debug|Any CPU.ActiveCfg = Debug|Any CPU
		{6A6342C7-37AB-48AE-A0FE-C5011EB38518}.Debug|Any CPU.Build.0 = Debug|Any CPU
		{6A6342C7-37AB-48AE-A0FE-C5011EB38518}.Release|Any CPU.ActiveCfg = Release|Any CPU
		{6A6342C7-37AB-48AE-A0FE-C5011EB38518}.Release|Any CPU.Build.0 = Release|Any CPU
		{576C4774-EAA7-49AC-89B2-7D3566295223}.Debug|Any CPU.ActiveCfg = Debug|Any CPU
		{576C4774-EAA7-49AC-89B2-7D3566295223}.Debug|Any CPU.Build.0 = Debug|Any CPU
		{576C4774-EAA7-49AC-89B2-7D3566295223}.Release|Any CPU.ActiveCfg = Release|Any CPU
		{576C4774-EAA7-49AC-89B2-7D3566295223}.Release|Any CPU.Build.0 = Release|Any CPU
	EndGlobalSection
	GlobalSection(SolutionProperties) = preSolution
		HideSolutionNode = FALSE
	EndGlobalSection
	GlobalSection(ExtensibilityGlobals) = postSolution
		SolutionGuid = {9B129F9B-365F-4AFD-B55E-02F8B541D269}
	EndGlobalSection
EndGlobal
